
Microsoft Visual Studio Solution File, Format Version 12.00
# Visual Studio Version 17
VisualStudioVersion = 17.1.32421.90
MinimumVisualStudioVersion = 10.0.40219.1
Project("{FAE04EC0-301F-11D3-BF4B-00C04F79EFBC}") = "API_Transacao", "API_Transacao\API_Transacao.csproj", "{71C8BFF3-477D-4A96-815D-4F81EFF5C630}"
EndProject
Project("{2150E333-8FDC-42A3-9474-1A3956D46DE8}") = "1.0 - Apresentação", "1.0 - Apresentação", "{A5795F67-B2D9-471D-8EBA-1265A636358C}"
EndProject
Project("{2150E333-8FDC-42A3-9474-1A3956D46DE8}") = "2.0 - Aplicação", "2.0 - Aplicação", "{8FB508D7-9EDA-4ABE-9A84-902133935AC1}"
EndProject
Project("{2150E333-8FDC-42A3-9474-1A3956D46DE8}") = "3.0 - Domínio", "3.0 - Domínio", "{24976014-ED4E-46CA-8DEF-B42C82E3885A}"
EndProject
Project("{2150E333-8FDC-42A3-9474-1A3956D46DE8}") = "4.0 - Infra", "4.0 - Infra", "{980AA122-F89F-490B-9C91-765DA29143D7}"
EndProject
Project("{FAE04EC0-301F-11D3-BF4B-00C04F79EFBC}") = "Aplicacao", "Aplicacao\Aplicacao.csproj", "{7A6549F7-26BF-45B6-9BB0-D47A4BFB5CAA}"
EndProject
Project("{FAE04EC0-301F-11D3-BF4B-00C04F79EFBC}") = "AplicacaoDto", "AplicacaoDto\AplicacaoDto.csproj", "{05708001-B3C1-4419-8533-F89F4E3EF550}"
EndProject
Project("{FAE04EC0-301F-11D3-BF4B-00C04F79EFBC}") = "Core", "Core\Core.csproj", "{D640D1AB-B297-4EAF-8BDA-C85C2FC2A959}"
EndProject
Project("{FAE04EC0-301F-11D3-BF4B-00C04F79EFBC}") = "Dominio", "Dominio\Dominio.csproj", "{BAC83327-7100-4E75-AD36-D16169632B20}"
EndProject
Project("{FAE04EC0-301F-11D3-BF4B-00C04F79EFBC}") = "Servico", "Servico\Servico.csproj", "{D2762FE7-1CD1-4791-B793-FAF02F4A8FC1}"
EndProject
Project("{2150E333-8FDC-42A3-9474-1A3956D46DE8}") = "4.1 - Data", "4.1 - Data", "{FE06A865-16A3-4054-A87E-1485FDB905BD}"
EndProject
Project("{2150E333-8FDC-42A3-9474-1A3956D46DE8}") = "4.2 - CrossCutting", "4.2 - CrossCutting", "{5EA149CE-7728-4C54-B54F-89BEFB0363F0}"
EndProject
Project("{FAE04EC0-301F-11D3-BF4B-00C04F79EFBC}") = "Data", "Data\Data.csproj", "{AFF54821-3565-4B52-A463-9175BC8CFAD2}"
EndProject
Project("{FAE04EC0-301F-11D3-BF4B-00C04F79EFBC}") = "Repositorio", "Repositorio\Repositorio.csproj", "{A72EA4F3-56CD-431A-883B-C336D3ED5C13}"
EndProject
Project("{FAE04EC0-301F-11D3-BF4B-00C04F79EFBC}") = "Adaptador", "Adaptador\Adaptador.csproj", "{616F1289-1FF8-4268-88DB-7F4FD6476701}"
EndProject
Project("{FAE04EC0-301F-11D3-BF4B-00C04F79EFBC}") = "IoC", "IoC\IoC.csproj", "{D0877F5E-FBAB-4D2F-94DF-3B3ED22D33B1}"
EndProject
Global
	GlobalSection(SolutionConfigurationPlatforms) = preSolution
		Debug|Any CPU = Debug|Any CPU
		Release|Any CPU = Release|Any CPU
	EndGlobalSection
	GlobalSection(ProjectConfigurationPlatforms) = postSolution
		{71C8BFF3-477D-4A96-815D-4F81EFF5C630}.Debug|Any CPU.ActiveCfg = Debug|Any CPU
		{71C8BFF3-477D-4A96-815D-4F81EFF5C630}.Debug|Any CPU.Build.0 = Debug|Any CPU
		{71C8BFF3-477D-4A96-815D-4F81EFF5C630}.Release|Any CPU.ActiveCfg = Release|Any CPU
		{71C8BFF3-477D-4A96-815D-4F81EFF5C630}.Release|Any CPU.Build.0 = Release|Any CPU
		{7A6549F7-26BF-45B6-9BB0-D47A4BFB5CAA}.Debug|Any CPU.ActiveCfg = Debug|Any CPU
		{7A6549F7-26BF-45B6-9BB0-D47A4BFB5CAA}.Debug|Any CPU.Build.0 = Debug|Any CPU
		{7A6549F7-26BF-45B6-9BB0-D47A4BFB5CAA}.Release|Any CPU.ActiveCfg = Release|Any CPU
		{7A6549F7-26BF-45B6-9BB0-D47A4BFB5CAA}.Release|Any CPU.Build.0 = Release|Any CPU
		{05708001-B3C1-4419-8533-F89F4E3EF550}.Debug|Any CPU.ActiveCfg = Debug|Any CPU
		{05708001-B3C1-4419-8533-F89F4E3EF550}.Debug|Any CPU.Build.0 = Debug|Any CPU
		{05708001-B3C1-4419-8533-F89F4E3EF550}.Release|Any CPU.ActiveCfg = Release|Any CPU
		{05708001-B3C1-4419-8533-F89F4E3EF550}.Release|Any CPU.Build.0 = Release|Any CPU
		{D640D1AB-B297-4EAF-8BDA-C85C2FC2A959}.Debug|Any CPU.ActiveCfg = Debug|Any CPU
		{D640D1AB-B297-4EAF-8BDA-C85C2FC2A959}.Debug|Any CPU.Build.0 = Debug|Any CPU
		{D640D1AB-B297-4EAF-8BDA-C85C2FC2A959}.Release|Any CPU.ActiveCfg = Release|Any CPU
		{D640D1AB-B297-4EAF-8BDA-C85C2FC2A959}.Release|Any CPU.Build.0 = Release|Any CPU
		{BAC83327-7100-4E75-AD36-D16169632B20}.Debug|Any CPU.ActiveCfg = Debug|Any CPU
		{BAC83327-7100-4E75-AD36-D16169632B20}.Debug|Any CPU.Build.0 = Debug|Any CPU
		{BAC83327-7100-4E75-AD36-D16169632B20}.Release|Any CPU.ActiveCfg = Release|Any CPU
		{BAC83327-7100-4E75-AD36-D16169632B20}.Release|Any CPU.Build.0 = Release|Any CPU
		{D2762FE7-1CD1-4791-B793-FAF02F4A8FC1}.Debug|Any CPU.ActiveCfg = Debug|Any CPU
		{D2762FE7-1CD1-4791-B793-FAF02F4A8FC1}.Debug|Any CPU.Build.0 = Debug|Any CPU
		{D2762FE7-1CD1-4791-B793-FAF02F4A8FC1}.Release|Any CPU.ActiveCfg = Release|Any CPU
		{D2762FE7-1CD1-4791-B793-FAF02F4A8FC1}.Release|Any CPU.Build.0 = Release|Any CPU
		{AFF54821-3565-4B52-A463-9175BC8CFAD2}.Debug|Any CPU.ActiveCfg = Debug|Any CPU
		{AFF54821-3565-4B52-A463-9175BC8CFAD2}.Debug|Any CPU.Build.0 = Debug|Any CPU
		{AFF54821-3565-4B52-A463-9175BC8CFAD2}.Release|Any CPU.ActiveCfg = Release|Any CPU
		{AFF54821-3565-4B52-A463-9175BC8CFAD2}.Release|Any CPU.Build.0 = Release|Any CPU
		{A72EA4F3-56CD-431A-883B-C336D3ED5C13}.Debug|Any CPU.ActiveCfg = Debug|Any CPU
		{A72EA4F3-56CD-431A-883B-C336D3ED5C13}.Debug|Any CPU.Build.0 = Debug|Any CPU
		{A72EA4F3-56CD-431A-883B-C336D3ED5C13}.Release|Any CPU.ActiveCfg = Release|Any CPU
		{A72EA4F3-56CD-431A-883B-C336D3ED5C13}.Release|Any CPU.Build.0 = Release|Any CPU
		{616F1289-1FF8-4268-88DB-7F4FD6476701}.Debug|Any CPU.ActiveCfg = Debug|Any CPU
		{616F1289-1FF8-4268-88DB-7F4FD6476701}.Debug|Any CPU.Build.0 = Debug|Any CPU
		{616F1289-1FF8-4268-88DB-7F4FD6476701}.Release|Any CPU.ActiveCfg = Release|Any CPU
		{616F1289-1FF8-4268-88DB-7F4FD6476701}.Release|Any CPU.Build.0 = Release|Any CPU
		{D0877F5E-FBAB-4D2F-94DF-3B3ED22D33B1}.Debug|Any CPU.ActiveCfg = Debug|Any CPU
		{D0877F5E-FBAB-4D2F-94DF-3B3ED22D33B1}.Debug|Any CPU.Build.0 = Debug|Any CPU
		{D0877F5E-FBAB-4D2F-94DF-3B3ED22D33B1}.Release|Any CPU.ActiveCfg = Release|Any CPU
		{D0877F5E-FBAB-4D2F-94DF-3B3ED22D33B1}.Release|Any CPU.Build.0 = Release|Any CPU
	EndGlobalSection
	GlobalSection(SolutionProperties) = preSolution
		HideSolutionNode = FALSE
	EndGlobalSection
	GlobalSection(NestedProjects) = preSolution
		{71C8BFF3-477D-4A96-815D-4F81EFF5C630} = {A5795F67-B2D9-471D-8EBA-1265A636358C}
		{7A6549F7-26BF-45B6-9BB0-D47A4BFB5CAA} = {8FB508D7-9EDA-4ABE-9A84-902133935AC1}
		{05708001-B3C1-4419-8533-F89F4E3EF550} = {8FB508D7-9EDA-4ABE-9A84-902133935AC1}
		{D640D1AB-B297-4EAF-8BDA-C85C2FC2A959} = {24976014-ED4E-46CA-8DEF-B42C82E3885A}
		{BAC83327-7100-4E75-AD36-D16169632B20} = {24976014-ED4E-46CA-8DEF-B42C82E3885A}
		{D2762FE7-1CD1-4791-B793-FAF02F4A8FC1} = {24976014-ED4E-46CA-8DEF-B42C82E3885A}
		{FE06A865-16A3-4054-A87E-1485FDB905BD} = {980AA122-F89F-490B-9C91-765DA29143D7}
		{5EA149CE-7728-4C54-B54F-89BEFB0363F0} = {980AA122-F89F-490B-9C91-765DA29143D7}
		{AFF54821-3565-4B52-A463-9175BC8CFAD2} = {FE06A865-16A3-4054-A87E-1485FDB905BD}
		{A72EA4F3-56CD-431A-883B-C336D3ED5C13} = {FE06A865-16A3-4054-A87E-1485FDB905BD}
		{616F1289-1FF8-4268-88DB-7F4FD6476701} = {5EA149CE-7728-4C54-B54F-89BEFB0363F0}
		{D0877F5E-FBAB-4D2F-94DF-3B3ED22D33B1} = {5EA149CE-7728-4C54-B54F-89BEFB0363F0}
	EndGlobalSection
	GlobalSection(ExtensibilityGlobals) = postSolution
		SolutionGuid = {2AEB3B3D-1705-4D17-9491-F4346FE9BEDE}
	EndGlobalSection
EndGlobal
